
Microsoft Visual Studio Solution File, Format Version 12.00
# Visual Studio Version 17
VisualStudioVersion = 17.0.31903.59
MinimumVisualStudioVersion = 10.0.40219.1
Project("{2150E333-8FDC-42A3-9474-1A3956D46DE8}") = "Solution Items", "Solution Items", "{5986D016-8F0A-4956-A0F8-213B2477710F}"
	ProjectSection(SolutionItems) = preProject
		.editorconfig = .editorconfig
	EndProjectSection
EndProject
Project("{FAE04EC0-301F-11D3-BF4B-00C04F79EFBC}") = "AddressBook", "src\AddressBook\AddressBook.csproj", "{DF0EC907-D89D-4015-BBF4-07ABB3568691}"
EndProject
Project("{FAE04EC0-301F-11D3-BF4B-00C04F79EFBC}") = "AddressBook.BusinessLayer", "src\AddressBook.BusinessLayer\AddressBook.BusinessLayer.csproj", "{CDE7FD37-C78F-45A1-9232-92E23209C499}"
EndProject
Global
	GlobalSection(SolutionConfigurationPlatforms) = preSolution
		Debug|Any CPU = Debug|Any CPU
		Release|Any CPU = Release|Any CPU
	EndGlobalSection
	GlobalSection(ProjectConfigurationPlatforms) = postSolution
		{DF0EC907-D89D-4015-BBF4-07ABB3568691}.Debug|Any CPU.ActiveCfg = Debug|Any CPU
		{DF0EC907-D89D-4015-BBF4-07ABB3568691}.Debug|Any CPU.Build.0 = Debug|Any CPU
		{DF0EC907-D89D-4015-BBF4-07ABB3568691}.Release|Any CPU.ActiveCfg = Release|Any CPU
		{DF0EC907-D89D-4015-BBF4-07ABB3568691}.Release|Any CPU.Build.0 = Release|Any CPU
		{CDE7FD37-C78F-45A1-9232-92E23209C499}.Debug|Any CPU.ActiveCfg = Debug|Any CPU
		{CDE7FD37-C78F-45A1-9232-92E23209C499}.Debug|Any CPU.Build.0 = Debug|Any CPU
		{CDE7FD37-C78F-45A1-9232-92E23209C499}.Release|Any CPU.ActiveCfg = Release|Any CPU
		{CDE7FD37-C78F-45A1-9232-92E23209C499}.Release|Any CPU.Build.0 = Release|Any CPU
	EndGlobalSection
	GlobalSection(SolutionProperties) = preSolution
		HideSolutionNode = FALSE
	EndGlobalSection
EndGlobal
